
Microsoft Visual Studio Solution File, Format Version 12.00
# Visual Studio 15
VisualStudioVersion = 15.0.28307.1022
MinimumVisualStudioVersion = 10.0.40219.1
Project("{FAE04EC0-301F-11D3-BF4B-00C04F79EFBC}") = "CMS2017", "CMS2017\CMS2017.csproj", "{2F62D6CF-A886-44BD-BEFC-87080307DF4B}"
EndProject
Global
	GlobalSection(SolutionConfigurationPlatforms) = preSolution
		Debug|Any CPU = Debug|Any CPU
		Release|Any CPU = Release|Any CPU
	EndGlobalSection
	GlobalSection(ProjectConfigurationPlatforms) = postSolution
		{2F62D6CF-A886-44BD-BEFC-87080307DF4B}.Debug|Any CPU.ActiveCfg = Debug|Any CPU
		{2F62D6CF-A886-44BD-BEFC-87080307DF4B}.Debug|Any CPU.Build.0 = Debug|Any CPU
		{2F62D6CF-A886-44BD-BEFC-87080307DF4B}.Release|Any CPU.ActiveCfg = Release|Any CPU
		{2F62D6CF-A886-44BD-BEFC-87080307DF4B}.Release|Any CPU.Build.0 = Release|Any CPU
	EndGlobalSection
	GlobalSection(SolutionProperties) = preSolution
		HideSolutionNode = FALSE
	EndGlobalSection
	GlobalSection(ExtensibilityGlobals) = postSolution
		SolutionGuid = {C52CC7CF-C75C-4846-9385-C4DE475AD914}
	EndGlobalSection
EndGlobal
